// !$*UTF8*$!
{
	archiveVersion = 1;
	classes = {
	};
	objectVersion = 56;
	objects = {

/* Begin PBXBuildFile section */
		A10000010000000000000001 /* ClaudeBatteryApp.swift in Sources */ = {isa = PBXBuildFile; fileRef = A20000010000000000000001 /* ClaudeBatteryApp.swift */; };
		A10000020000000000000002 /* StorageService.swift in Sources */ = {isa = PBXBuildFile; fileRef = A20000020000000000000002 /* StorageService.swift */; };
		A10000030000000000000003 /* AuthManager.swift in Sources */ = {isa = PBXBuildFile; fileRef = A20000030000000000000003 /* AuthManager.swift */; };
		A10000040000000000000004 /* UsageService.swift in Sources */ = {isa = PBXBuildFile; fileRef = A20000040000000000000004 /* UsageService.swift */; };
		A10000050000000000000005 /* MenuBarController.swift in Sources */ = {isa = PBXBuildFile; fileRef = A20000050000000000000005 /* MenuBarController.swift */; };
		A10000060000000000000006 /* UsagePopoverView.swift in Sources */ = {isa = PBXBuildFile; fileRef = A20000060000000000000006 /* UsagePopoverView.swift */; };
		A10000070000000000000007 /* SettingsView.swift in Sources */ = {isa = PBXBuildFile; fileRef = A20000070000000000000007 /* SettingsView.swift */; };
		A10000080000000000000008 /* Assets.xcassets in Resources */ = {isa = PBXBuildFile; fileRef = A20000080000000000000008 /* Assets.xcassets */; };
		A10000090000000000000009 /* AccountStore.swift in Sources */ = {isa = PBXBuildFile; fileRef = A20000090000000000000010 /* AccountStore.swift */; };
		A1000000000000000000000A /* ClaudeAPI.swift in Sources */ = {isa = PBXBuildFile; fileRef = A2000000000000000000000C /* ClaudeAPI.swift */; };
		A1000000000000000000000B /* UpdateChecker.swift in Sources */ = {isa = PBXBuildFile; fileRef = A2000000000000000000000D /* UpdateChecker.swift */; };
		B10000010000000000000001 /* IconStyle.swift in Sources */ = {isa = PBXBuildFile; fileRef = B20000010000000000000001 /* IconStyle.swift */; };
		B10000020000000000000002 /* IconRenderer.swift in Sources */ = {isa = PBXBuildFile; fileRef = B20000020000000000000002 /* IconRenderer.swift */; };
		B10000030000000000000003 /* DualHorizontalRenderer.swift in Sources */ = {isa = PBXBuildFile; fileRef = B20000030000000000000003 /* DualHorizontalRenderer.swift */; };
		B10000040000000000000004 /* MinimalRenderer.swift in Sources */ = {isa = PBXBuildFile; fileRef = B20000040000000000000004 /* MinimalRenderer.swift */; };
		B10000050000000000000005 /* DualArcGaugeRenderer.swift in Sources */ = {isa = PBXBuildFile; fileRef = B20000050000000000000005 /* DualArcGaugeRenderer.swift */; };
		B10000060000000000000006 /* TextOnlyRenderer.swift in Sources */ = {isa = PBXBuildFile; fileRef = B20000060000000000000006 /* TextOnlyRenderer.swift */; };
		B10000070000000000000007 /* StackedBarsRenderer.swift in Sources */ = {isa = PBXBuildFile; fileRef = B20000070000000000000007 /* StackedBarsRenderer.swift */; };
/* End PBXBuildFile section */

/* Begin PBXFileReference section */
		A2000000000000000000000A /* ClaudeBattery.entitlements */ = {isa = PBXFileReference; lastKnownFileType = text.plist.entitlements; path = ClaudeBattery.entitlements; sourceTree = "<group>"; };
		A2000000000000000000000B /* ClaudeBattery.app */ = {isa = PBXFileReference; explicitFileType = wrapper.application; includeInIndex = 0; path = ClaudeBattery.app; sourceTree = BUILT_PRODUCTS_DIR; };
		A20000010000000000000001 /* ClaudeBatteryApp.swift */ = {isa = PBXFileReference; lastKnownFileType = sourcecode.swift; path = ClaudeBatteryApp.swift; sourceTree = "<group>"; };
		A20000020000000000000002 /* StorageService.swift */ = {isa = PBXFileReference; lastKnownFileType = sourcecode.swift; path = StorageService.swift; sourceTree = "<group>"; };
		A20000030000000000000003 /* AuthManager.swift */ = {isa = PBXFileReference; lastKnownFileType = sourcecode.swift; path = AuthManager.swift; sourceTree = "<group>"; };
		A20000040000000000000004 /* UsageService.swift */ = {isa = PBXFileReference; lastKnownFileType = sourcecode.swift; path = UsageService.swift; sourceTree = "<group>"; };
		A20000050000000000000005 /* MenuBarController.swift */ = {isa = PBXFileReference; lastKnownFileType = sourcecode.swift; path = MenuBarController.swift; sourceTree = "<group>"; };
		A20000060000000000000006 /* UsagePopoverView.swift */ = {isa = PBXFileReference; lastKnownFileType = sourcecode.swift; path = UsagePopoverView.swift; sourceTree = "<group>"; };
		A20000070000000000000007 /* SettingsView.swift */ = {isa = PBXFileReference; lastKnownFileType = sourcecode.swift; path = SettingsView.swift; sourceTree = "<group>"; };
		A20000080000000000000008 /* Assets.xcassets */ = {isa = PBXFileReference; lastKnownFileType = folder.assetcatalog; path = Assets.xcassets; sourceTree = "<group>"; };
		A20000090000000000000009 /* Info.plist */ = {isa = PBXFileReference; lastKnownFileType = text.plist.xml; path = Info.plist; sourceTree = "<group>"; };
		A20000090000000000000010 /* AccountStore.swift */ = {isa = PBXFileReference; lastKnownFileType = sourcecode.swift; path = AccountStore.swift; sourceTree = "<group>"; };
		A2000000000000000000000C /* ClaudeAPI.swift */ = {isa = PBXFileReference; lastKnownFileType = sourcecode.swift; path = ClaudeAPI.swift; sourceTree = "<group>"; };
		A2000000000000000000000D /* UpdateChecker.swift */ = {isa = PBXFileReference; lastKnownFileType = sourcecode.swift; path = UpdateChecker.swift; sourceTree = "<group>"; };
		B20000010000000000000001 /* IconStyle.swift */ = {isa = PBXFileReference; lastKnownFileType = sourcecode.swift; path = IconStyle.swift; sourceTree = "<group>"; };
		B20000020000000000000002 /* IconRenderer.swift */ = {isa = PBXFileReference; lastKnownFileType = sourcecode.swift; path = IconRenderer.swift; sourceTree = "<group>"; };
		B20000030000000000000003 /* DualHorizontalRenderer.swift */ = {isa = PBXFileReference; lastKnownFileType = sourcecode.swift; path = DualHorizontalRenderer.swift; sourceTree = "<group>"; };
		B20000040000000000000004 /* MinimalRenderer.swift */ = {isa = PBXFileReference; lastKnownFileType = sourcecode.swift; path = MinimalRenderer.swift; sourceTree = "<group>"; };
		B20000050000000000000005 /* DualArcGaugeRenderer.swift */ = {isa = PBXFileReference; lastKnownFileType = sourcecode.swift; path = DualArcGaugeRenderer.swift; sourceTree = "<group>"; };
		B20000060000000000000006 /* TextOnlyRenderer.swift */ = {isa = PBXFileReference; lastKnownFileType = sourcecode.swift; path = TextOnlyRenderer.swift; sourceTree = "<group>"; };
		B20000070000000000000007 /* StackedBarsRenderer.swift */ = {isa = PBXFileReference; lastKnownFileType = sourcecode.swift; path = StackedBarsRenderer.swift; sourceTree = "<group>"; };
/* End PBXFileReference section */

/* Begin PBXFrameworksBuildPhase section */
		A30000010000000000000001 /* Frameworks */ = {
			isa = PBXFrameworksBuildPhase;
			buildActionMask = 2147483647;
			files = (
			);
			runOnlyForDeploymentPostprocessing = 0;
		};
/* End PBXFrameworksBuildPhase section */

/* Begin PBXGroup section */
		A40000010000000000000001 = {
			isa = PBXGroup;
			children = (
				A40000020000000000000002 /* ClaudeBattery */,
				A40000060000000000000006 /* Products */,
			);
			sourceTree = "<group>";
		};
		A40000020000000000000002 /* ClaudeBattery */ = {
			isa = PBXGroup;
			children = (
				A40000030000000000000003 /* App */,
				B40000010000000000000001 /* Models */,
				A40000040000000000000004 /* Services */,
				A40000050000000000000005 /* Views */,
				A40000070000000000000007 /* Resources */,
			);
			path = ClaudeBattery;
			sourceTree = "<group>";
		};
		A40000030000000000000003 /* App */ = {
			isa = PBXGroup;
			children = (
				A20000010000000000000001 /* ClaudeBatteryApp.swift */,
			);
			path = App;
			sourceTree = "<group>";
		};
		A40000040000000000000004 /* Services */ = {
			isa = PBXGroup;
			children = (
				A20000020000000000000002 /* StorageService.swift */,
				A20000030000000000000003 /* AuthManager.swift */,
				A20000040000000000000004 /* UsageService.swift */,
				A20000090000000000000010 /* AccountStore.swift */,
				A2000000000000000000000C /* ClaudeAPI.swift */,
				A2000000000000000000000D /* UpdateChecker.swift */,
			);
			path = Services;
			sourceTree = "<group>";
		};
		A40000050000000000000005 /* Views */ = {
			isa = PBXGroup;
			children = (
				A20000050000000000000005 /* MenuBarController.swift */,
				A20000060000000000000006 /* UsagePopoverView.swift */,
				A20000070000000000000007 /* SettingsView.swift */,
				B40000020000000000000002 /* IconRendering */,
			);
			path = Views;
			sourceTree = "<group>";
		};
		A40000060000000000000006 /* Products */ = {
			isa = PBXGroup;
			children = (
				A2000000000000000000000B /* ClaudeBattery.app */,
			);
			name = Products;
			sourceTree = "<group>";
		};
		A40000070000000000000007 /* Resources */ = {
			isa = PBXGroup;
			children = (
				A20000080000000000000008 /* Assets.xcassets */,
				A20000090000000000000009 /* Info.plist */,
				A2000000000000000000000A /* ClaudeBattery.entitlements */,
			);
			path = Resources;
			sourceTree = "<group>";
		};
		B40000010000000000000001 /* Models */ = {
			isa = PBXGroup;
			children = (
				B20000010000000000000001 /* IconStyle.swift */,
			);
			path = Models;
			sourceTree = "<group>";
		};
		B40000020000000000000002 /* IconRendering */ = {
			isa = PBXGroup;
			children = (
				B20000020000000000000002 /* IconRenderer.swift */,
				B20000030000000000000003 /* DualHorizontalRenderer.swift */,
				B20000040000000000000004 /* MinimalRenderer.swift */,
				B20000050000000000000005 /* DualArcGaugeRenderer.swift */,
				B20000060000000000000006 /* TextOnlyRenderer.swift */,
				B20000070000000000000007 /* StackedBarsRenderer.swift */,
			);
			path = IconRendering;
			sourceTree = "<group>";
		};
/* End PBXGroup section */

/* Begin PBXNativeTarget section */
		A50000010000000000000001 /* ClaudeBattery */ = {
			isa = PBXNativeTarget;
			buildConfigurationList = A70000010000000000000001 /* Build configuration list for PBXNativeTarget "ClaudeBattery" */;
			buildPhases = (
				A60000010000000000000001 /* Sources */,
				A30000010000000000000001 /* Frameworks */,
				A60000020000000000000002 /* Resources */,
			);
			buildRules = (
			);
			dependencies = (
			);
			name = ClaudeBattery;
			productName = ClaudeBattery;
			productReference = A2000000000000000000000B /* ClaudeBattery.app */;
			productType = "com.apple.product-type.application";
		};
/* End PBXNativeTarget section */

/* Begin PBXProject section */
		A80000010000000000000001 /* Project object */ = {
			isa = PBXProject;
			attributes = {
				BuildIndependentTargetsInParallel = 1;
				LastSwiftUpdateCheck = 1520;
				LastUpgradeCheck = 2620;
				TargetAttributes = {
					A50000010000000000000001 = {
						CreatedOnToolsVersion = 15.2;
					};
				};
			};
			buildConfigurationList = A70000020000000000000002 /* Build configuration list for PBXProject "ClaudeBattery" */;
			compatibilityVersion = "Xcode 14.0";
			developmentRegion = en;
			hasScannedForEncodings = 0;
			knownRegions = (
				en,
				Base,
			);
			mainGroup = A40000010000000000000001;
			productRefGroup = A40000060000000000000006 /* Products */;
			projectDirPath = "";
			projectRoot = "";
			targets = (
				A50000010000000000000001 /* ClaudeBattery */,
			);
		};
/* End PBXProject section */

/* Begin PBXResourcesBuildPhase section */
		A60000020000000000000002 /* Resources */ = {
			isa = PBXResourcesBuildPhase;
			buildActionMask = 2147483647;
			files = (
				A10000080000000000000008 /* Assets.xcassets in Resources */,
			);
			runOnlyForDeploymentPostprocessing = 0;
		};
/* End PBXResourcesBuildPhase section */

/* Begin PBXSourcesBuildPhase section */
		A60000010000000000000001 /* Sources */ = {
			isa = PBXSourcesBuildPhase;
			buildActionMask = 2147483647;
			files = (
				A10000010000000000000001 /* ClaudeBatteryApp.swift in Sources */,
				A10000020000000000000002 /* StorageService.swift in Sources */,
				A10000030000000000000003 /* AuthManager.swift in Sources */,
				A10000040000000000000004 /* UsageService.swift in Sources */,
				A10000050000000000000005 /* MenuBarController.swift in Sources */,
				A10000060000000000000006 /* UsagePopoverView.swift in Sources */,
				A10000070000000000000007 /* SettingsView.swift in Sources */,
				A10000090000000000000009 /* AccountStore.swift in Sources */,
				A1000000000000000000000A /* ClaudeAPI.swift in Sources */,
				A1000000000000000000000B /* UpdateChecker.swift in Sources */,
				B10000010000000000000001 /* IconStyle.swift in Sources */,
				B10000020000000000000002 /* IconRenderer.swift in Sources */,
				B10000030000000000000003 /* DualHorizontalRenderer.swift in Sources */,
				B10000040000000000000004 /* MinimalRenderer.swift in Sources */,
				B10000050000000000000005 /* DualArcGaugeRenderer.swift in Sources */,
				B10000060000000000000006 /* TextOnlyRenderer.swift in Sources */,
				B10000070000000000000007 /* StackedBarsRenderer.swift in Sources */,
			);
			runOnlyForDeploymentPostprocessing = 0;
		};
/* End PBXSourcesBuildPhase section */

/* Begin XCBuildConfiguration section */
		A90000010000000000000001 /* Debug */ = {
			isa = XCBuildConfiguration;
			buildSettings = {
				ALWAYS_SEARCH_USER_PATHS = NO;
				ASSETCATALOG_COMPILER_GENERATE_SWIFT_ASSET_SYMBOL_EXTENSIONS = YES;
				CLANG_ANALYZER_NONNULL = YES;
				CLANG_ANALYZER_NUMBER_OBJECT_CONVERSION = YES_AGGRESSIVE;
				CLANG_CXX_LANGUAGE_STANDARD = "gnu++20";
				CLANG_ENABLE_MODULES = YES;
				CLANG_ENABLE_OBJC_ARC = YES;
				CLANG_ENABLE_OBJC_WEAK = YES;
				CLANG_WARN_BLOCK_CAPTURE_AUTORELEASING = YES;
				CLANG_WARN_BOOL_CONVERSION = YES;
				CLANG_WARN_COMMA = YES;
				CLANG_WARN_CONSTANT_CONVERSION = YES;
				CLANG_WARN_DEPRECATED_OBJC_IMPLEMENTATIONS = YES;
				CLANG_WARN_DIRECT_OBJC_ISA_USAGE = YES_ERROR;
				CLANG_WARN_DOCUMENTATION_COMMENTS = YES;
				CLANG_WARN_EMPTY_BODY = YES;
				CLANG_WARN_ENUM_CONVERSION = YES;
				CLANG_WARN_INFINITE_RECURSION = YES;
				CLANG_WARN_INT_CONVERSION = YES;
				CLANG_WARN_NON_LITERAL_NULL_CONVERSION = YES;
				CLANG_WARN_OBJC_IMPLICIT_RETAIN_SELF = YES;
				CLANG_WARN_OBJC_LITERAL_CONVERSION = YES;
				CLANG_WARN_OBJC_ROOT_CLASS = YES_ERROR;
				CLANG_WARN_QUOTED_INCLUDE_IN_FRAMEWORK_HEADER = YES;
				CLANG_WARN_RANGE_LOOP_ANALYSIS = YES;
				CLANG_WARN_STRICT_PROTOTYPES = YES;
				CLANG_WARN_SUSPICIOUS_MOVE = YES;
				CLANG_WARN_UNGUARDED_AVAILABILITY = YES_AGGRESSIVE;
				CLANG_WARN_UNREACHABLE_CODE = YES;
				CLANG_WARN__DUPLICATE_METHOD_MATCH = YES;
				COPY_PHASE_STRIP = NO;
				DEAD_CODE_STRIPPING = YES;
				DEBUG_INFORMATION_FORMAT = dwarf;
				DEVELOPMENT_TEAM = PJHS9XQS6H;
				ENABLE_STRICT_OBJC_MSGSEND = YES;
				ENABLE_TESTABILITY = YES;
				ENABLE_USER_SCRIPT_SANDBOXING = YES;
				GCC_C_LANGUAGE_STANDARD = gnu17;
				GCC_DYNAMIC_NO_PIC = NO;
				GCC_NO_COMMON_BLOCKS = YES;
				GCC_OPTIMIZATION_LEVEL = 0;
				GCC_PREPROCESSOR_DEFINITIONS = (
					"DEBUG=1",
					"$(inherited)",
				);
				GCC_WARN_64_TO_32_BIT_CONVERSION = YES;
				GCC_WARN_ABOUT_RETURN_TYPE = YES_ERROR;
				GCC_WARN_UNDECLARED_SELECTOR = YES;
				GCC_WARN_UNINITIALIZED_AUTOS = YES_AGGRESSIVE;
				GCC_WARN_UNUSED_FUNCTION = YES;
				GCC_WARN_UNUSED_VARIABLE = YES;
				MACOSX_DEPLOYMENT_TARGET = 13.0;
				MTL_ENABLE_DEBUG_INFO = INCLUDE_SOURCE;
				MTL_FAST_MATH = YES;
				ONLY_ACTIVE_ARCH = YES;
				SDKROOT = macosx;
				STRING_CATALOG_GENERATE_SYMBOLS = YES;
				SWIFT_ACTIVE_COMPILATION_CONDITIONS = "DEBUG $(inherited)";
				SWIFT_OPTIMIZATION_LEVEL = "-Onone";
			};
			name = Debug;
		};
		A90000020000000000000002 /* Release */ = {
			isa = XCBuildConfiguration;
			buildSettings = {
				ALWAYS_SEARCH_USER_PATHS = NO;
				ASSETCATALOG_COMPILER_GENERATE_SWIFT_ASSET_SYMBOL_EXTENSIONS = YES;
				CLANG_ANALYZER_NONNULL = YES;
				CLANG_ANALYZER_NUMBER_OBJECT_CONVERSION = YES_AGGRESSIVE;
				CLANG_CXX_LANGUAGE_STANDARD = "gnu++20";
				CLANG_ENABLE_MODULES = YES;
				CLANG_ENABLE_OBJC_ARC = YES;
				CLANG_ENABLE_OBJC_WEAK = YES;
				CLANG_WARN_BLOCK_CAPTURE_AUTORELEASING = YES;
				CLANG_WARN_BOOL_CONVERSION = YES;
				CLANG_WARN_COMMA = YES;
				CLANG_WARN_CONSTANT_CONVERSION = YES;
				CLANG_WARN_DEPRECATED_OBJC_IMPLEMENTATIONS = YES;
				CLANG_WARN_DIRECT_OBJC_ISA_USAGE = YES_ERROR;
				CLANG_WARN_DOCUMENTATION_COMMENTS = YES;
				CLANG_WARN_EMPTY_BODY = YES;
				CLANG_WARN_ENUM_CONVERSION = YES;
				CLANG_WARN_INFINITE_RECURSION = YES;
				CLANG_WARN_INT_CONVERSION = YES;
				CLANG_WARN_NON_LITERAL_NULL_CONVERSION = YES;
				CLANG_WARN_OBJC_IMPLICIT_RETAIN_SELF = YES;
				CLANG_WARN_OBJC_LITERAL_CONVERSION = YES;
				CLANG_WARN_OBJC_ROOT_CLASS = YES_ERROR;
				CLANG_WARN_QUOTED_INCLUDE_IN_FRAMEWORK_HEADER = YES;
				CLANG_WARN_RANGE_LOOP_ANALYSIS = YES;
				CLANG_WARN_STRICT_PROTOTYPES = YES;
				CLANG_WARN_SUSPICIOUS_MOVE = YES;
				CLANG_WARN_UNGUARDED_AVAILABILITY = YES_AGGRESSIVE;
				CLANG_WARN_UNREACHABLE_CODE = YES;
				CLANG_WARN__DUPLICATE_METHOD_MATCH = YES;
				COPY_PHASE_STRIP = NO;
				DEAD_CODE_STRIPPING = YES;
				DEBUG_INFORMATION_FORMAT = "dwarf-with-dsym";
				DEVELOPMENT_TEAM = PJHS9XQS6H;
				ENABLE_NS_ASSERTIONS = NO;
				ENABLE_STRICT_OBJC_MSGSEND = YES;
				ENABLE_USER_SCRIPT_SANDBOXING = YES;
				GCC_C_LANGUAGE_STANDARD = gnu17;
				GCC_NO_COMMON_BLOCKS = YES;
				GCC_WARN_64_TO_32_BIT_CONVERSION = YES;
				GCC_WARN_ABOUT_RETURN_TYPE = YES_ERROR;
				GCC_WARN_UNDECLARED_SELECTOR = YES;
				GCC_WARN_UNINITIALIZED_AUTOS = YES_AGGRESSIVE;
				GCC_WARN_UNUSED_FUNCTION = YES;
				GCC_WARN_UNUSED_VARIABLE = YES;
				MACOSX_DEPLOYMENT_TARGET = 13.0;
				MTL_ENABLE_DEBUG_INFO = NO;
				MTL_FAST_MATH = YES;
				SDKROOT = macosx;
				STRING_CATALOG_GENERATE_SYMBOLS = YES;
				SWIFT_COMPILATION_MODE = wholemodule;
			};
			name = Release;
		};
		A90000030000000000000003 /* Debug */ = {
			isa = XCBuildConfiguration;
			buildSettings = {
				ASSETCATALOG_COMPILER_APPICON_NAME = AppIcon;
				ASSETCATALOG_COMPILER_GLOBAL_ACCENT_COLOR_NAME = AccentColor;
				ASSETCATALOG_COMPILER_INCLUDE_ALL_APPICON_ASSETS = YES;
				CODE_SIGN_ENTITLEMENTS = ClaudeBattery/Resources/ClaudeBattery.entitlements;
				CODE_SIGN_IDENTITY = "Apple Development";
				"CODE_SIGN_IDENTITY[sdk=macosx*]" = "Apple Development";
				CODE_SIGN_STYLE = Automatic;
				COMBINE_HIDPI_IMAGES = YES;
				CURRENT_PROJECT_VERSION = 1;
				DEAD_CODE_STRIPPING = YES;
				DEVELOPMENT_TEAM = PJHS9XQS6H;
				ENABLE_APP_SANDBOX = YES;
				ENABLE_HARDENED_RUNTIME = YES;
				ENABLE_OUTGOING_NETWORK_CONNECTIONS = YES;
				GENERATE_INFOPLIST_FILE = YES;
				INFOPLIST_FILE = ClaudeBattery/Resources/Info.plist;
				INFOPLIST_KEY_CFBundleDisplayName = "Claude Battery";
				INFOPLIST_KEY_LSApplicationCategoryType = "public.app-category.utilities";
				INFOPLIST_KEY_LSUIElement = YES;
				INFOPLIST_KEY_NSHumanReadableCopyright = "";
				LD_RUNPATH_SEARCH_PATHS = (
					"$(inherited)",
					"@executable_path/../Frameworks",
				);
				MACOSX_DEPLOYMENT_TARGET = 13.5;
				MARKETING_VERSION = 1.41;
				PRODUCT_BUNDLE_IDENTIFIER = com.reebz.claudebattery;
				PRODUCT_NAME = "$(TARGET_NAME)";
				PROVISIONING_PROFILE = "";
				PROVISIONING_PROFILE_SPECIFIER = "";
				SWIFT_EMIT_LOC_STRINGS = YES;
				SWIFT_VERSION = 5.0;
			};
			name = Debug;
		};
		A90000040000000000000004 /* Release */ = {
			isa = XCBuildConfiguration;
			buildSettings = {
				ASSETCATALOG_COMPILER_APPICON_NAME = AppIcon;
				ASSETCATALOG_COMPILER_GLOBAL_ACCENT_COLOR_NAME = AccentColor;
				ASSETCATALOG_COMPILER_INCLUDE_ALL_APPICON_ASSETS = YES;
				CODE_SIGN_ENTITLEMENTS = ClaudeBattery/Resources/ClaudeBattery.entitlements;
				CODE_SIGN_IDENTITY = "Apple Development";
				"CODE_SIGN_IDENTITY[sdk=macosx*]" = "Apple Development";
				CODE_SIGN_STYLE = Automatic;
				COMBINE_HIDPI_IMAGES = YES;
				CURRENT_PROJECT_VERSION = 1;
				DEAD_CODE_STRIPPING = YES;
				DEVELOPMENT_TEAM = PJHS9XQS6H;
				ENABLE_APP_SANDBOX = YES;
				ENABLE_HARDENED_RUNTIME = YES;
				ENABLE_OUTGOING_NETWORK_CONNECTIONS = YES;
				GENERATE_INFOPLIST_FILE = YES;
				INFOPLIST_FILE = ClaudeBattery/Resources/Info.plist;
				INFOPLIST_KEY_CFBundleDisplayName = "Claude Battery";
				INFOPLIST_KEY_LSApplicationCategoryType = "public.app-category.utilities";
				INFOPLIST_KEY_LSUIElement = YES;
				INFOPLIST_KEY_NSHumanReadableCopyright = "";
				LD_RUNPATH_SEARCH_PATHS = (
					"$(inherited)",
					"@executable_path/../Frameworks",
				);
				MACOSX_DEPLOYMENT_TARGET = 13.5;
				MARKETING_VERSION = 1.41;
				PRODUCT_BUNDLE_IDENTIFIER = com.reebz.claudebattery;
				PRODUCT_NAME = "$(TARGET_NAME)";
				PROVISIONING_PROFILE = "";
				PROVISIONING_PROFILE_SPECIFIER = "";
				SWIFT_EMIT_LOC_STRINGS = YES;
				SWIFT_VERSION = 5.0;
			};
			name = Release;
		};
/* End XCBuildConfiguration section */

/* Begin XCConfigurationList section */
		A70000010000000000000001 /* Build configuration list for PBXNativeTarget "ClaudeBattery" */ = {
			isa = XCConfigurationList;
			buildConfigurations = (
				A90000030000000000000003 /* Debug */,
				A90000040000000000000004 /* Release */,
			);
			defaultConfigurationIsVisible = 0;
			defaultConfigurationName = Release;
		};
		A70000020000000000000002 /* Build configuration list for PBXProject "ClaudeBattery" */ = {
			isa = XCConfigurationList;
			buildConfigurations = (
				A90000010000000000000001 /* Debug */,
				A90000020000000000000002 /* Release */,
			);
			defaultConfigurationIsVisible = 0;
			defaultConfigurationName = Release;
		};
/* End XCConfigurationList section */
	};
	rootObject = A80000010000000000000001 /* Project object */;
}
